// !$*UTF8*$!
{
	archiveVersion = 1;
	classes = {
	};
	objectVersion = 46;
	objects = {

/* Begin PBXBuildFile section */
		ACA316861C7EFB10007FD570 /* BaseSignUpViewController.m in Sources */ = {isa = PBXBuildFile; fileRef = ACA316851C7EFB10007FD570 /* BaseSignUpViewController.m */; };
		D8867E511C732D02005F7B6D /* main.m in Sources */ = {isa = PBXBuildFile; fileRef = D8867E501C732D02005F7B6D /* main.m */; };
		D8867E541C732D02005F7B6D /* AppDelegate.m in Sources */ = {isa = PBXBuildFile; fileRef = D8867E531C732D02005F7B6D /* AppDelegate.m */; };
		D8867E571C732D02005F7B6D /* HomeViewController.m in Sources */ = {isa = PBXBuildFile; fileRef = D8867E561C732D02005F7B6D /* HomeViewController.m */; };
		D8867E5A1C732D02005F7B6D /* Main.storyboard in Resources */ = {isa = PBXBuildFile; fileRef = D8867E581C732D02005F7B6D /* Main.storyboard */; };
		D8867E5F1C732D02005F7B6D /* Assets.xcassets in Resources */ = {isa = PBXBuildFile; fileRef = D8867E5E1C732D02005F7B6D /* Assets.xcassets */; };
		D8867E621C732D02005F7B6D /* LaunchScreen.storyboard in Resources */ = {isa = PBXBuildFile; fileRef = D8867E601C732D02005F7B6D /* LaunchScreen.storyboard */; };
		D8867E6A1C732D1E005F7B6D /* CoreBluetooth.framework in Frameworks */ = {isa = PBXBuildFile; fileRef = D8867E691C732D1E005F7B6D /* CoreBluetooth.framework */; };
		D8867E6C1C732D27005F7B6D /* CoreGraphics.framework in Frameworks */ = {isa = PBXBuildFile; fileRef = D8867E6B1C732D27005F7B6D /* CoreGraphics.framework */; };
		D8867E7B1C735724005F7B6D /* BaseViewController.m in Sources */ = {isa = PBXBuildFile; fileRef = D8867E7A1C735724005F7B6D /* BaseViewController.m */; };
		D8867E841C736715005F7B6D /* HelperManager.m in Sources */ = {isa = PBXBuildFile; fileRef = D8867E831C736715005F7B6D /* HelperManager.m */; };
		D8867E881C736BF7005F7B6D /* FBSDKLoginKit.framework in Frameworks */ = {isa = PBXBuildFile; fileRef = D8867E871C736BF7005F7B6D /* FBSDKLoginKit.framework */; };
		D8867E8A1C736C0A005F7B6D /* FBSDKCoreKit.framework in Frameworks */ = {isa = PBXBuildFile; fileRef = D8867E891C736C0A005F7B6D /* FBSDKCoreKit.framework */; };
		D8867E8C1C736C11005F7B6D /* FBSDKShareKit.framework in Frameworks */ = {isa = PBXBuildFile; fileRef = D8867E8B1C736C11005F7B6D /* FBSDKShareKit.framework */; };
		D8867E931C737595005F7B6D /* ServerManager.m in Sources */ = {isa = PBXBuildFile; fileRef = D8867E921C737595005F7B6D /* ServerManager.m */; };
		D8867E981C7379CD005F7B6D /* NSDictionary+Extended.m in Sources */ = {isa = PBXBuildFile; fileRef = D8867E951C7379CD005F7B6D /* NSDictionary+Extended.m */; };
		D8867E991C7379CD005F7B6D /* NSObject+Runtime.m in Sources */ = {isa = PBXBuildFile; fileRef = D8867E961C7379CD005F7B6D /* NSObject+Runtime.m */; };
		D88C62611C8485EF00FDDF0B /* thin_ice_vest_320@2x.png in Resources */ = {isa = PBXBuildFile; fileRef = D88C625F1C8485EF00FDDF0B /* thin_ice_vest_320@2x.png */; };
		D88C62651C8485F700FDDF0B /* thin_ice_vest_375@2x.png in Resources */ = {isa = PBXBuildFile; fileRef = D88C62631C8485F700FDDF0B /* thin_ice_vest_375@2x.png */; };
		D88C62691C84860100FDDF0B /* thin_ice_vest_414@3x.png in Resources */ = {isa = PBXBuildFile; fileRef = D88C62671C84860100FDDF0B /* thin_ice_vest_414@3x.png */; };
		D8AB987E1C7C489400E7BD0E /* Thin_ice_background_375@2x.png in Resources */ = {isa = PBXBuildFile; fileRef = D8AB987D1C7C489400E7BD0E /* Thin_ice_background_375@2x.png */; };
		D8AB98801C7C493700E7BD0E /* thin_ice_dashboard_background_375@2x.png in Resources */ = {isa = PBXBuildFile; fileRef = D8AB987F1C7C493700E7BD0E /* thin_ice_dashboard_background_375@2x.png */; };
		D8AB98821C7C4CCD00E7BD0E /* Thin_ice_background_414@3x.png in Resources */ = {isa = PBXBuildFile; fileRef = D8AB98811C7C4CCD00E7BD0E /* Thin_ice_background_414@3x.png */; };
		D8AB98841C7C4E6600E7BD0E /* btn_sign_up_normal_414@3x.png in Resources */ = {isa = PBXBuildFile; fileRef = D8AB98831C7C4E6600E7BD0E /* btn_sign_up_normal_414@3x.png */; };
		D8AB98861C7C4EB900E7BD0E /* btn_sign_up_active_414@3x.png in Resources */ = {isa = PBXBuildFile; fileRef = D8AB98851C7C4EB900E7BD0E /* btn_sign_up_active_414@3x.png */; };
		D8B2B2AB1C85850A0089E6B9 /* thin_ice_dashboard_background_414@3x.png in Resources */ = {isa = PBXBuildFile; fileRef = D8B2B2AA1C85850A0089E6B9 /* thin_ice_dashboard_background_414@3x.png */; };
		D8B2B2B01C858C100089E6B9 /* DashboardDaysCardTableViewCell.m in Sources */ = {isa = PBXBuildFile; fileRef = D8B2B2AF1C858C100089E6B9 /* DashboardDaysCardTableViewCell.m */; };
		D8B2B2B21C8599770089E6B9 /* icons_dashboardFlip_normal_320@2x.png in Resources */ = {isa = PBXBuildFile; fileRef = D8B2B2B11C8599770089E6B9 /* icons_dashboardFlip_normal_320@2x.png */; };
		D8B2B2B41C8599C90089E6B9 /* icons_dashboardFlip_active_320@2x.png in Resources */ = {isa = PBXBuildFile; fileRef = D8B2B2B31C8599C90089E6B9 /* icons_dashboardFlip_active_320@2x.png */; };
		D8B2B2B71C859A150089E6B9 /* icons_dashboardFlip_active_375@2x.png in Resources */ = {isa = PBXBuildFile; fileRef = D8B2B2B51C859A150089E6B9 /* icons_dashboardFlip_active_375@2x.png */; };
		D8B2B2B81C859A150089E6B9 /* icons_dashboardFlip_normal_375@2x.png in Resources */ = {isa = PBXBuildFile; fileRef = D8B2B2B61C859A150089E6B9 /* icons_dashboardFlip_normal_375@2x.png */; };
		D8B2B2BB1C859A790089E6B9 /* icons_dashboardFlip_active_414@3x.png in Resources */ = {isa = PBXBuildFile; fileRef = D8B2B2B91C859A790089E6B9 /* icons_dashboardFlip_active_414@3x.png */; };
		D8B2B2BC1C859A790089E6B9 /* icons_dashboardFlip_normal_414@3x.png in Resources */ = {isa = PBXBuildFile; fileRef = D8B2B2BA1C859A790089E6B9 /* icons_dashboardFlip_normal_414@3x.png */; };
		D8B2B2C41C85A4750089E6B9 /* icons_temperature_414@3x.png in Resources */ = {isa = PBXBuildFile; fileRef = D8B2B2C31C85A4750089E6B9 /* icons_temperature_414@3x.png */; };
		D8B2B2C61C85A47B0089E6B9 /* icons_temperature_375@2x.png in Resources */ = {isa = PBXBuildFile; fileRef = D8B2B2C51C85A47B0089E6B9 /* icons_temperature_375@2x.png */; };
		D8B2B2C81C85A4820089E6B9 /* icons_temperature_320@2x.png in Resources */ = {isa = PBXBuildFile; fileRef = D8B2B2C71C85A4820089E6B9 /* icons_temperature_320@2x.png */; };
		D8B2B2CA1C85A4890089E6B9 /* icons_clock_320@2x.png in Resources */ = {isa = PBXBuildFile; fileRef = D8B2B2C91C85A4890089E6B9 /* icons_clock_320@2x.png */; };
		D8B2B2CC1C85A48F0089E6B9 /* icons_clock_375@2x.png in Resources */ = {isa = PBXBuildFile; fileRef = D8B2B2CB1C85A48F0089E6B9 /* icons_clock_375@2x.png */; };
		D8B2B2CE1C85A4950089E6B9 /* icons_clock_414@3x.png in Resources */ = {isa = PBXBuildFile; fileRef = D8B2B2CD1C85A4950089E6B9 /* icons_clock_414@3x.png */; };
		D8B2B2D01C85C1000089E6B9 /* icons_burntCalories_320@2x.png in Resources */ = {isa = PBXBuildFile; fileRef = D8B2B2CF1C85C1000089E6B9 /* icons_burntCalories_320@2x.png */; };
		D8B2B2D21C85C1060089E6B9 /* icons_burntCalories_375@2x.png in Resources */ = {isa = PBXBuildFile; fileRef = D8B2B2D11C85C1060089E6B9 /* icons_burntCalories_375@2x.png */; };
		D8B2B2D41C85C10B0089E6B9 /* icons_burntCalories_414@3x.png in Resources */ = {isa = PBXBuildFile; fileRef = D8B2B2D31C85C10B0089E6B9 /* icons_burntCalories_414@3x.png */; };
		D8B2B2DC1C85C2180089E6B9 /* icons_gymSession_320@2x.png in Resources */ = {isa = PBXBuildFile; fileRef = D8B2B2DB1C85C2180089E6B9 /* icons_gymSession_320@2x.png */; };
		D8B2B2DE1C85C21D0089E6B9 /* icons_gymSession_375@2x.png in Resources */ = {isa = PBXBuildFile; fileRef = D8B2B2DD1C85C21D0089E6B9 /* icons_gymSession_375@2x.png */; };
		D8B2B2E01C85C2230089E6B9 /* icons_gymSession_414@3x.png in Resources */ = {isa = PBXBuildFile; fileRef = D8B2B2DF1C85C2230089E6B9 /* icons_gymSession_414@3x.png */; };
		D8B2B2E51C85C33E0089E6B9 /* icons_JunkFood_320@2x.png in Resources */ = {isa = PBXBuildFile; fileRef = D8B2B2E21C85C33E0089E6B9 /* icons_JunkFood_320@2x.png */; };
		D8B2B2E61C85C33E0089E6B9 /* icons_waterIntake_320@2x.png in Resources */ = {isa = PBXBuildFile; fileRef = D8B2B2E31C85C33E0089E6B9 /* icons_waterIntake_320@2x.png */; };
		D8B2B2EB1C85C3460089E6B9 /* icons_JunkFood_375@2x.png in Resources */ = {isa = PBXBuildFile; fileRef = D8B2B2E81C85C3460089E6B9 /* icons_JunkFood_375@2x.png */; };
		D8B2B2EC1C85C3460089E6B9 /* icons_waterIntake_375@2x.png in Resources */ = {isa = PBXBuildFile; fileRef = D8B2B2E91C85C3460089E6B9 /* icons_waterIntake_375@2x.png */; };
		D8B2B2F11C85C34E0089E6B9 /* icons_JunkFood_414@3x.png in Resources */ = {isa = PBXBuildFile; fileRef = D8B2B2EE1C85C34E0089E6B9 /* icons_JunkFood_414@3x.png */; };
		D8B2B2F21C85C34E0089E6B9 /* icons_waterIntake_414@3x.png in Resources */ = {isa = PBXBuildFile; fileRef = D8B2B2EF1C85C34E0089E6B9 /* icons_waterIntake_414@3x.png */; };
		D8B2B2F41C85C3D70089E6B9 /* icons_H_protein_320@2x.png in Resources */ = {isa = PBXBuildFile; fileRef = D8B2B2F31C85C3D70089E6B9 /* icons_H_protein_320@2x.png */; };
		D8B2B2F61C85C3DB0089E6B9 /* icons_H_protein_375@2x.png in Resources */ = {isa = PBXBuildFile; fileRef = D8B2B2F51C85C3DB0089E6B9 /* icons_H_protein_375@2x.png */; };
		D8B2B2F81C85C4120089E6B9 /* icons_H_protein_414@3x.png in Resources */ = {isa = PBXBuildFile; fileRef = D8B2B2F71C85C4120089E6B9 /* icons_H_protein_414@3x.png */; };
		D8B2B2FA1C85EBE40089E6B9 /* icons_thinIceCellLogo_320@2x.png in Resources */ = {isa = PBXBuildFile; fileRef = D8B2B2F91C85EBE40089E6B9 /* icons_thinIceCellLogo_320@2x.png */; };
		D8B2B2FC1C85EBEA0089E6B9 /* icons_thinIceCellLogo_375@2x.png in Resources */ = {isa = PBXBuildFile; fileRef = D8B2B2FB1C85EBEA0089E6B9 /* icons_thinIceCellLogo_375@2x.png */; };
		D8B2B2FE1C85EBF00089E6B9 /* icons_thinIceCellLogo_414@3x.png in Resources */ = {isa = PBXBuildFile; fileRef = D8B2B2FD1C85EBF00089E6B9 /* icons_thinIceCellLogo_414@3x.png */; };
		D8CABAB51C86D4E6007EEBC7 /* insoles_414@3x.png in Resources */ = {isa = PBXBuildFile; fileRef = D8CABAB41C86D4E6007EEBC7 /* insoles_414@3x.png */; };
		D8CABAB71C86D4F8007EEBC7 /* insoles_375@2x.png in Resources */ = {isa = PBXBuildFile; fileRef = D8CABAB61C86D4F8007EEBC7 /* insoles_375@2x.png */; };
		D8CABAB91C86D4FC007EEBC7 /* insoles_320@2x.png in Resources */ = {isa = PBXBuildFile; fileRef = D8CABAB81C86D4FC007EEBC7 /* insoles_320@2x.png */; };
		D8CABABD1C86DA35007EEBC7 /* DashboardFlipViewController.m in Sources */ = {isa = PBXBuildFile; fileRef = D8CABABC1C86DA35007EEBC7 /* DashboardFlipViewController.m */; };
		D8CABABF1C86E56F007EEBC7 /* QuartzCore.framework in Frameworks */ = {isa = PBXBuildFile; fileRef = D8CABABE1C86E56F007EEBC7 /* QuartzCore.framework */; };
		D8E133D21C7462FD00B9D813 /* SystemConfiguration.framework in Frameworks */ = {isa = PBXBuildFile; fileRef = D8E133D11C7462FD00B9D813 /* SystemConfiguration.framework */; };
		D8E133D81C7477AC00B9D813 /* FHSStream.m in Sources */ = {isa = PBXBuildFile; fileRef = D8E133D51C7477AC00B9D813 /* FHSStream.m */; };
		D8E133D91C7477AC00B9D813 /* FHSTwitterEngine.m in Sources */ = {isa = PBXBuildFile; fileRef = D8E133D71C7477AC00B9D813 /* FHSTwitterEngine.m */; };
		D8E134041C7498D100B9D813 /* ThinIce.xcdatamodeld in Sources */ = {isa = PBXBuildFile; fileRef = D8E134021C7498D100B9D813 /* ThinIce.xcdatamodeld */; };
		D8E134441C74A2AB00B9D813 /* _User.m in Sources */ = {isa = PBXBuildFile; fileRef = D8E1343D1C74A2AB00B9D813 /* _User.m */; };
		D8E134451C74A2AB00B9D813 /* _UserSettings.m in Sources */ = {isa = PBXBuildFile; fileRef = D8E1343F1C74A2AB00B9D813 /* _UserSettings.m */; };
		D8E134461C74A2AB00B9D813 /* User.m in Sources */ = {isa = PBXBuildFile; fileRef = D8E134411C74A2AB00B9D813 /* User.m */; };
		D8E134471C74A2AB00B9D813 /* UserSettings.m in Sources */ = {isa = PBXBuildFile; fileRef = D8E134431C74A2AB00B9D813 /* UserSettings.m */; };
		D8E1344A1C74BC5E00B9D813 /* Social.framework in Frameworks */ = {isa = PBXBuildFile; fileRef = D8E134491C74BC5E00B9D813 /* Social.framework */; };
		D8EDC98A1C75B89900F5F524 /* SignInViewController.m in Sources */ = {isa = PBXBuildFile; fileRef = D8EDC9891C75B89900F5F524 /* SignInViewController.m */; };
		D8EDC98E1C75B9FE00F5F524 /* CustomNavigationBar.m in Sources */ = {isa = PBXBuildFile; fileRef = D8EDC98D1C75B9FE00F5F524 /* CustomNavigationBar.m */; };
		D8EDC9961C75D59600F5F524 /* SignUpViewController.m in Sources */ = {isa = PBXBuildFile; fileRef = D8EDC9951C75D59600F5F524 /* SignUpViewController.m */; };
		D8EDC9991C75D66400F5F524 /* DashboardViewController.m in Sources */ = {isa = PBXBuildFile; fileRef = D8EDC9981C75D66400F5F524 /* DashboardViewController.m */; };
		D8EDC99D1C75F28600F5F524 /* btn_sign_up_active_320@2x.png in Resources */ = {isa = PBXBuildFile; fileRef = D8EDC99B1C75F28600F5F524 /* btn_sign_up_active_320@2x.png */; };
		D8EDC99E1C75F28600F5F524 /* btn_sign_up_normal_320@2x.png in Resources */ = {isa = PBXBuildFile; fileRef = D8EDC99C1C75F28600F5F524 /* btn_sign_up_normal_320@2x.png */; };
		D8EDC9A31C75F2B400F5F524 /* btn_sign_up_active_375@2x.png in Resources */ = {isa = PBXBuildFile; fileRef = D8EDC9A11C75F2B400F5F524 /* btn_sign_up_active_375@2x.png */; };
		D8EDC9A41C75F2B400F5F524 /* btn_sign_up_normal_375@2x.png in Resources */ = {isa = PBXBuildFile; fileRef = D8EDC9A21C75F2B400F5F524 /* btn_sign_up_normal_375@2x.png */; };
		D8EDC9AF1C7619D800F5F524 /* LoginRegViewController.m in Sources */ = {isa = PBXBuildFile; fileRef = D8EDC9AE1C7619D800F5F524 /* LoginRegViewController.m */; };
		D8EDC9B21C7619E900F5F524 /* UserInfoRegViewController.m in Sources */ = {isa = PBXBuildFile; fileRef = D8EDC9B11C7619E900F5F524 /* UserInfoRegViewController.m */; };
		D8EDC9B51C7619FC00F5F524 /* BluetoothConnectViewController.m in Sources */ = {isa = PBXBuildFile; fileRef = D8EDC9B41C7619FC00F5F524 /* BluetoothConnectViewController.m */; };
		D8EF71331C7B08D20006FDEF /* LeftMenuViewController.m in Sources */ = {isa = PBXBuildFile; fileRef = D8EF71321C7B08D20006FDEF /* LeftMenuViewController.m */; };
		D8EF71361C7B08DE0006FDEF /* SlideNavigationController.m in Sources */ = {isa = PBXBuildFile; fileRef = D8EF71351C7B08DE0006FDEF /* SlideNavigationController.m */; };
		D8EF71421C7B08EA0006FDEF /* SlideNavigationContorllerAnimatorFade.m in Sources */ = {isa = PBXBuildFile; fileRef = D8EF713D1C7B08EA0006FDEF /* SlideNavigationContorllerAnimatorFade.m */; };
		D8EF71431C7B08EA0006FDEF /* SlideNavigationContorllerAnimatorScale.m in Sources */ = {isa = PBXBuildFile; fileRef = D8EF713E1C7B08EA0006FDEF /* SlideNavigationContorllerAnimatorScale.m */; };
		D8EF71441C7B08EA0006FDEF /* SlideNavigationContorllerAnimatorScaleAndFade.m in Sources */ = {isa = PBXBuildFile; fileRef = D8EF713F1C7B08EA0006FDEF /* SlideNavigationContorllerAnimatorScaleAndFade.m */; };
		D8EF71451C7B08EA0006FDEF /* SlideNavigationContorllerAnimatorSlide.m in Sources */ = {isa = PBXBuildFile; fileRef = D8EF71401C7B08EA0006FDEF /* SlideNavigationContorllerAnimatorSlide.m */; };
		D8EF71461C7B08EA0006FDEF /* SlideNavigationContorllerAnimatorSlideAndFade.m in Sources */ = {isa = PBXBuildFile; fileRef = D8EF71411C7B08EA0006FDEF /* SlideNavigationContorllerAnimatorSlideAndFade.m */; };
		D8EF714A1C7B158F0006FDEF /* SlideMenuTableCell.m in Sources */ = {isa = PBXBuildFile; fileRef = D8EF71491C7B158F0006FDEF /* SlideMenuTableCell.m */; };
		D8EF71571C7B66680006FDEF /* Thin_ice_background_320@2x.png in Resources */ = {isa = PBXBuildFile; fileRef = D8EF71561C7B66680006FDEF /* Thin_ice_background_320@2x.png */; };
		D8EF71591C7B6D180006FDEF /* thin_ice_dashboard_background_320@2x.png in Resources */ = {isa = PBXBuildFile; fileRef = D8EF71581C7B6D180006FDEF /* thin_ice_dashboard_background_320@2x.png */; };
		DE9071CAB00EE51D46F86B50 /* libPods-ThinIce.a in Frameworks */ = {isa = PBXBuildFile; fileRef = 33C806EB0926C366CC18D7AA /* libPods-ThinIce.a */; };
/* End PBXBuildFile section */

/* Begin PBXFileReference section */
		33C806EB0926C366CC18D7AA /* libPods-ThinIce.a */ = {isa = PBXFileReference; explicitFileType = archive.ar; includeInIndex = 0; path = "libPods-ThinIce.a"; sourceTree = BUILT_PRODUCTS_DIR; };
		ABE9A0F52AEF2A99A42AE250 /* Pods-ThinIce.debug.xcconfig */ = {isa = PBXFileReference; includeInIndex = 1; lastKnownFileType = text.xcconfig; name = "Pods-ThinIce.debug.xcconfig"; path = "Pods/Target Support Files/Pods-ThinIce/Pods-ThinIce.debug.xcconfig"; sourceTree = "<group>"; };
		ACA316841C7EFB10007FD570 /* BaseSignUpViewController.h */ = {isa = PBXFileReference; fileEncoding = 4; lastKnownFileType = sourcecode.c.h; path = BaseSignUpViewController.h; sourceTree = "<group>"; };
		ACA316851C7EFB10007FD570 /* BaseSignUpViewController.m */ = {isa = PBXFileReference; fileEncoding = 4; lastKnownFileType = sourcecode.c.objc; path = BaseSignUpViewController.m; sourceTree = "<group>"; };
		B8F8B1830A2539DF36354C98 /* Pods-ThinIce.release.xcconfig */ = {isa = PBXFileReference; includeInIndex = 1; lastKnownFileType = text.xcconfig; name = "Pods-ThinIce.release.xcconfig"; path = "Pods/Target Support Files/Pods-ThinIce/Pods-ThinIce.release.xcconfig"; sourceTree = "<group>"; };
		D8867E4C1C732D02005F7B6D /* ThinIce.app */ = {isa = PBXFileReference; explicitFileType = wrapper.application; includeInIndex = 0; path = ThinIce.app; sourceTree = BUILT_PRODUCTS_DIR; };
		D8867E501C732D02005F7B6D /* main.m */ = {isa = PBXFileReference; lastKnownFileType = sourcecode.c.objc; path = main.m; sourceTree = "<group>"; };
		D8867E521C732D02005F7B6D /* AppDelegate.h */ = {isa = PBXFileReference; lastKnownFileType = sourcecode.c.h; path = AppDelegate.h; sourceTree = "<group>"; };
		D8867E531C732D02005F7B6D /* AppDelegate.m */ = {isa = PBXFileReference; lastKnownFileType = sourcecode.c.objc; path = AppDelegate.m; sourceTree = "<group>"; };
		D8867E551C732D02005F7B6D /* HomeViewController.h */ = {isa = PBXFileReference; lastKnownFileType = sourcecode.c.h; path = HomeViewController.h; sourceTree = "<group>"; };
		D8867E561C732D02005F7B6D /* HomeViewController.m */ = {isa = PBXFileReference; lastKnownFileType = sourcecode.c.objc; path = HomeViewController.m; sourceTree = "<group>"; };
		D8867E591C732D02005F7B6D /* Base */ = {isa = PBXFileReference; lastKnownFileType = file.storyboard; name = Base; path = Base.lproj/Main.storyboard; sourceTree = "<group>"; };
		D8867E5E1C732D02005F7B6D /* Assets.xcassets */ = {isa = PBXFileReference; lastKnownFileType = folder.assetcatalog; path = Assets.xcassets; sourceTree = "<group>"; };
		D8867E611C732D02005F7B6D /* Base */ = {isa = PBXFileReference; lastKnownFileType = file.storyboard; name = Base; path = Base.lproj/LaunchScreen.storyboard; sourceTree = "<group>"; };
		D8867E631C732D02005F7B6D /* Info.plist */ = {isa = PBXFileReference; lastKnownFileType = text.plist.xml; path = Info.plist; sourceTree = "<group>"; };
		D8867E691C732D1E005F7B6D /* CoreBluetooth.framework */ = {isa = PBXFileReference; lastKnownFileType = wrapper.framework; name = CoreBluetooth.framework; path = System/Library/Frameworks/CoreBluetooth.framework; sourceTree = SDKROOT; };
		D8867E6B1C732D27005F7B6D /* CoreGraphics.framework */ = {isa = PBXFileReference; lastKnownFileType = wrapper.framework; name = CoreGraphics.framework; path = System/Library/Frameworks/CoreGraphics.framework; sourceTree = SDKROOT; };
		D8867E6D1C732D48005F7B6D /* Header.h */ = {isa = PBXFileReference; lastKnownFileType = sourcecode.c.h; path = Header.h; sourceTree = "<group>"; };
		D8867E6E1C732D55005F7B6D /* PrefixHeader.pch */ = {isa = PBXFileReference; lastKnownFileType = sourcecode.c.h; path = PrefixHeader.pch; sourceTree = "<group>"; };
		D8867E791C735724005F7B6D /* BaseViewController.h */ = {isa = PBXFileReference; fileEncoding = 4; lastKnownFileType = sourcecode.c.h; path = BaseViewController.h; sourceTree = "<group>"; };
		D8867E7A1C735724005F7B6D /* BaseViewController.m */ = {isa = PBXFileReference; fileEncoding = 4; lastKnownFileType = sourcecode.c.objc; path = BaseViewController.m; sourceTree = "<group>"; };
		D8867E821C736715005F7B6D /* HelperManager.h */ = {isa = PBXFileReference; fileEncoding = 4; lastKnownFileType = sourcecode.c.h; path = HelperManager.h; sourceTree = "<group>"; };
		D8867E831C736715005F7B6D /* HelperManager.m */ = {isa = PBXFileReference; fileEncoding = 4; lastKnownFileType = sourcecode.c.objc; path = HelperManager.m; sourceTree = "<group>"; };
		D8867E871C736BF7005F7B6D /* FBSDKLoginKit.framework */ = {isa = PBXFileReference; lastKnownFileType = wrapper.framework; path = FBSDKLoginKit.framework; sourceTree = "<group>"; };
		D8867E891C736C0A005F7B6D /* FBSDKCoreKit.framework */ = {isa = PBXFileReference; lastKnownFileType = wrapper.framework; path = FBSDKCoreKit.framework; sourceTree = "<group>"; };
		D8867E8B1C736C11005F7B6D /* FBSDKShareKit.framework */ = {isa = PBXFileReference; lastKnownFileType = wrapper.framework; path = FBSDKShareKit.framework; sourceTree = "<group>"; };
		D8867E911C737595005F7B6D /* ServerManager.h */ = {isa = PBXFileReference; fileEncoding = 4; lastKnownFileType = sourcecode.c.h; path = ServerManager.h; sourceTree = "<group>"; };
		D8867E921C737595005F7B6D /* ServerManager.m */ = {isa = PBXFileReference; fileEncoding = 4; lastKnownFileType = sourcecode.c.objc; path = ServerManager.m; sourceTree = "<group>"; };
		D8867E951C7379CD005F7B6D /* NSDictionary+Extended.m */ = {isa = PBXFileReference; fileEncoding = 4; lastKnownFileType = sourcecode.c.objc; path = "NSDictionary+Extended.m"; sourceTree = "<group>"; };
		D8867E961C7379CD005F7B6D /* NSObject+Runtime.m */ = {isa = PBXFileReference; fileEncoding = 4; lastKnownFileType = sourcecode.c.objc; path = "NSObject+Runtime.m"; sourceTree = "<group>"; };
		D8867E9B1C7379E8005F7B6D /* NSDictionary+Extended.h */ = {isa = PBXFileReference; lastKnownFileType = sourcecode.c.h; path = "NSDictionary+Extended.h"; sourceTree = "<group>"; };
		D8867E9C1C7379E8005F7B6D /* NSObject+Runtime.h */ = {isa = PBXFileReference; lastKnownFileType = sourcecode.c.h; path = "NSObject+Runtime.h"; sourceTree = "<group>"; };
		D88C625F1C8485EF00FDDF0B /* thin_ice_vest_320@2x.png */ = {isa = PBXFileReference; lastKnownFileType = image.png; path = "thin_ice_vest_320@2x.png"; sourceTree = "<group>"; };
		D88C62631C8485F700FDDF0B /* thin_ice_vest_375@2x.png */ = {isa = PBXFileReference; lastKnownFileType = image.png; path = "thin_ice_vest_375@2x.png"; sourceTree = "<group>"; };
		D88C62671C84860100FDDF0B /* thin_ice_vest_414@3x.png */ = {isa = PBXFileReference; lastKnownFileType = image.png; path = "thin_ice_vest_414@3x.png"; sourceTree = "<group>"; };
		D8AB987D1C7C489400E7BD0E /* Thin_ice_background_375@2x.png */ = {isa = PBXFileReference; lastKnownFileType = image.png; path = "Thin_ice_background_375@2x.png"; sourceTree = "<group>"; };
		D8AB987F1C7C493700E7BD0E /* thin_ice_dashboard_background_375@2x.png */ = {isa = PBXFileReference; lastKnownFileType = image.png; path = "thin_ice_dashboard_background_375@2x.png"; sourceTree = "<group>"; };
		D8AB98811C7C4CCD00E7BD0E /* Thin_ice_background_414@3x.png */ = {isa = PBXFileReference; lastKnownFileType = image.png; path = "Thin_ice_background_414@3x.png"; sourceTree = "<group>"; };
		D8AB98831C7C4E6600E7BD0E /* btn_sign_up_normal_414@3x.png */ = {isa = PBXFileReference; lastKnownFileType = image.png; path = "btn_sign_up_normal_414@3x.png"; sourceTree = "<group>"; };
		D8AB98851C7C4EB900E7BD0E /* btn_sign_up_active_414@3x.png */ = {isa = PBXFileReference; lastKnownFileType = image.png; path = "btn_sign_up_active_414@3x.png"; sourceTree = "<group>"; };
		D8B2B2AA1C85850A0089E6B9 /* thin_ice_dashboard_background_414@3x.png */ = {isa = PBXFileReference; lastKnownFileType = image.png; path = "thin_ice_dashboard_background_414@3x.png"; sourceTree = "<group>"; };
		D8B2B2AE1C858C100089E6B9 /* DashboardDaysCardTableViewCell.h */ = {isa = PBXFileReference; fileEncoding = 4; lastKnownFileType = sourcecode.c.h; path = DashboardDaysCardTableViewCell.h; sourceTree = "<group>"; };
		D8B2B2AF1C858C100089E6B9 /* DashboardDaysCardTableViewCell.m */ = {isa = PBXFileReference; fileEncoding = 4; lastKnownFileType = sourcecode.c.objc; path = DashboardDaysCardTableViewCell.m; sourceTree = "<group>"; };
		D8B2B2B11C8599770089E6B9 /* icons_dashboardFlip_normal_320@2x.png */ = {isa = PBXFileReference; lastKnownFileType = image.png; path = "icons_dashboardFlip_normal_320@2x.png"; sourceTree = "<group>"; };
		D8B2B2B31C8599C90089E6B9 /* icons_dashboardFlip_active_320@2x.png */ = {isa = PBXFileReference; lastKnownFileType = image.png; path = "icons_dashboardFlip_active_320@2x.png"; sourceTree = "<group>"; };
		D8B2B2B51C859A150089E6B9 /* icons_dashboardFlip_active_375@2x.png */ = {isa = PBXFileReference; lastKnownFileType = image.png; path = "icons_dashboardFlip_active_375@2x.png"; sourceTree = "<group>"; };
		D8B2B2B61C859A150089E6B9 /* icons_dashboardFlip_normal_375@2x.png */ = {isa = PBXFileReference; lastKnownFileType = image.png; path = "icons_dashboardFlip_normal_375@2x.png"; sourceTree = "<group>"; };
		D8B2B2B91C859A790089E6B9 /* icons_dashboardFlip_active_414@3x.png */ = {isa = PBXFileReference; lastKnownFileType = image.png; path = "icons_dashboardFlip_active_414@3x.png"; sourceTree = "<group>"; };
		D8B2B2BA1C859A790089E6B9 /* icons_dashboardFlip_normal_414@3x.png */ = {isa = PBXFileReference; lastKnownFileType = image.png; path = "icons_dashboardFlip_normal_414@3x.png"; sourceTree = "<group>"; };
		D8B2B2C31C85A4750089E6B9 /* icons_temperature_414@3x.png */ = {isa = PBXFileReference; lastKnownFileType = image.png; path = "icons_temperature_414@3x.png"; sourceTree = "<group>"; };
		D8B2B2C51C85A47B0089E6B9 /* icons_temperature_375@2x.png */ = {isa = PBXFileReference; lastKnownFileType = image.png; path = "icons_temperature_375@2x.png"; sourceTree = "<group>"; };
		D8B2B2C71C85A4820089E6B9 /* icons_temperature_320@2x.png */ = {isa = PBXFileReference; lastKnownFileType = image.png; path = "icons_temperature_320@2x.png"; sourceTree = "<group>"; };
		D8B2B2C91C85A4890089E6B9 /* icons_clock_320@2x.png */ = {isa = PBXFileReference; lastKnownFileType = image.png; path = "icons_clock_320@2x.png"; sourceTree = "<group>"; };
		D8B2B2CB1C85A48F0089E6B9 /* icons_clock_375@2x.png */ = {isa = PBXFileReference; lastKnownFileType = image.png; path = "icons_clock_375@2x.png"; sourceTree = "<group>"; };
		D8B2B2CD1C85A4950089E6B9 /* icons_clock_414@3x.png */ = {isa = PBXFileReference; lastKnownFileType = image.png; path = "icons_clock_414@3x.png"; sourceTree = "<group>"; };
		D8B2B2CF1C85C1000089E6B9 /* icons_burntCalories_320@2x.png */ = {isa = PBXFileReference; lastKnownFileType = image.png; path = "icons_burntCalories_320@2x.png"; sourceTree = "<group>"; };
		D8B2B2D11C85C1060089E6B9 /* icons_burntCalories_375@2x.png */ = {isa = PBXFileReference; lastKnownFileType = image.png; path = "icons_burntCalories_375@2x.png"; sourceTree = "<group>"; };
		D8B2B2D31C85C10B0089E6B9 /* icons_burntCalories_414@3x.png */ = {isa = PBXFileReference; lastKnownFileType = image.png; path = "icons_burntCalories_414@3x.png"; sourceTree = "<group>"; };
		D8B2B2DB1C85C2180089E6B9 /* icons_gymSession_320@2x.png */ = {isa = PBXFileReference; lastKnownFileType = image.png; path = "icons_gymSession_320@2x.png"; sourceTree = "<group>"; };
		D8B2B2DD1C85C21D0089E6B9 /* icons_gymSession_375@2x.png */ = {isa = PBXFileReference; lastKnownFileType = image.png; path = "icons_gymSession_375@2x.png"; sourceTree = "<group>"; };
		D8B2B2DF1C85C2230089E6B9 /* icons_gymSession_414@3x.png */ = {isa = PBXFileReference; lastKnownFileType = image.png; path = "icons_gymSession_414@3x.png"; sourceTree = "<group>"; };
		D8B2B2E21C85C33E0089E6B9 /* icons_JunkFood_320@2x.png */ = {isa = PBXFileReference; lastKnownFileType = image.png; path = "icons_JunkFood_320@2x.png"; sourceTree = "<group>"; };
		D8B2B2E31C85C33E0089E6B9 /* icons_waterIntake_320@2x.png */ = {isa = PBXFileReference; lastKnownFileType = image.png; path = "icons_waterIntake_320@2x.png"; sourceTree = "<group>"; };
		D8B2B2E81C85C3460089E6B9 /* icons_JunkFood_375@2x.png */ = {isa = PBXFileReference; lastKnownFileType = image.png; path = "icons_JunkFood_375@2x.png"; sourceTree = "<group>"; };
		D8B2B2E91C85C3460089E6B9 /* icons_waterIntake_375@2x.png */ = {isa = PBXFileReference; lastKnownFileType = image.png; path = "icons_waterIntake_375@2x.png"; sourceTree = "<group>"; };
		D8B2B2EE1C85C34E0089E6B9 /* icons_JunkFood_414@3x.png */ = {isa = PBXFileReference; lastKnownFileType = image.png; path = "icons_JunkFood_414@3x.png"; sourceTree = "<group>"; };
		D8B2B2EF1C85C34E0089E6B9 /* icons_waterIntake_414@3x.png */ = {isa = PBXFileReference; lastKnownFileType = image.png; path = "icons_waterIntake_414@3x.png"; sourceTree = "<group>"; };
		D8B2B2F31C85C3D70089E6B9 /* icons_H_protein_320@2x.png */ = {isa = PBXFileReference; lastKnownFileType = image.png; path = "icons_H_protein_320@2x.png"; sourceTree = "<group>"; };
		D8B2B2F51C85C3DB0089E6B9 /* icons_H_protein_375@2x.png */ = {isa = PBXFileReference; lastKnownFileType = image.png; path = "icons_H_protein_375@2x.png"; sourceTree = "<group>"; };
		D8B2B2F71C85C4120089E6B9 /* icons_H_protein_414@3x.png */ = {isa = PBXFileReference; lastKnownFileType = image.png; path = "icons_H_protein_414@3x.png"; sourceTree = "<group>"; };
		D8B2B2F91C85EBE40089E6B9 /* icons_thinIceCellLogo_320@2x.png */ = {isa = PBXFileReference; lastKnownFileType = image.png; path = "icons_thinIceCellLogo_320@2x.png"; sourceTree = "<group>"; };
		D8B2B2FB1C85EBEA0089E6B9 /* icons_thinIceCellLogo_375@2x.png */ = {isa = PBXFileReference; lastKnownFileType = image.png; path = "icons_thinIceCellLogo_375@2x.png"; sourceTree = "<group>"; };
		D8B2B2FD1C85EBF00089E6B9 /* icons_thinIceCellLogo_414@3x.png */ = {isa = PBXFileReference; lastKnownFileType = image.png; path = "icons_thinIceCellLogo_414@3x.png"; sourceTree = "<group>"; };
		D8CABAB41C86D4E6007EEBC7 /* insoles_414@3x.png */ = {isa = PBXFileReference; lastKnownFileType = image.png; path = "insoles_414@3x.png"; sourceTree = "<group>"; };
		D8CABAB61C86D4F8007EEBC7 /* insoles_375@2x.png */ = {isa = PBXFileReference; lastKnownFileType = image.png; path = "insoles_375@2x.png"; sourceTree = "<group>"; };
		D8CABAB81C86D4FC007EEBC7 /* insoles_320@2x.png */ = {isa = PBXFileReference; lastKnownFileType = image.png; path = "insoles_320@2x.png"; sourceTree = "<group>"; };
		D8CABABB1C86DA35007EEBC7 /* DashboardFlipViewController.h */ = {isa = PBXFileReference; fileEncoding = 4; lastKnownFileType = sourcecode.c.h; path = DashboardFlipViewController.h; sourceTree = "<group>"; };
		D8CABABC1C86DA35007EEBC7 /* DashboardFlipViewController.m */ = {isa = PBXFileReference; fileEncoding = 4; lastKnownFileType = sourcecode.c.objc; path = DashboardFlipViewController.m; sourceTree = "<group>"; };
		D8CABABE1C86E56F007EEBC7 /* QuartzCore.framework */ = {isa = PBXFileReference; lastKnownFileType = wrapper.framework; name = QuartzCore.framework; path = System/Library/Frameworks/QuartzCore.framework; sourceTree = SDKROOT; };
		D8E133D11C7462FD00B9D813 /* SystemConfiguration.framework */ = {isa = PBXFileReference; lastKnownFileType = wrapper.framework; name = SystemConfiguration.framework; path = System/Library/Frameworks/SystemConfiguration.framework; sourceTree = SDKROOT; };
		D8E133D41C7477AC00B9D813 /* FHSStream.h */ = {isa = PBXFileReference; fileEncoding = 4; lastKnownFileType = sourcecode.c.h; path = FHSStream.h; sourceTree = "<group>"; };
		D8E133D51C7477AC00B9D813 /* FHSStream.m */ = {isa = PBXFileReference; fileEncoding = 4; lastKnownFileType = sourcecode.c.objc; path = FHSStream.m; sourceTree = "<group>"; };
		D8E133D61C7477AC00B9D813 /* FHSTwitterEngine.h */ = {isa = PBXFileReference; fileEncoding = 4; lastKnownFileType = sourcecode.c.h; path = FHSTwitterEngine.h; sourceTree = "<group>"; };
		D8E133D71C7477AC00B9D813 /* FHSTwitterEngine.m */ = {isa = PBXFileReference; fileEncoding = 4; lastKnownFileType = sourcecode.c.objc; path = FHSTwitterEngine.m; sourceTree = "<group>"; };
		D8E134031C7498D100B9D813 /* ThinIce.xcdatamodel */ = {isa = PBXFileReference; lastKnownFileType = wrapper.xcdatamodel; path = ThinIce.xcdatamodel; sourceTree = "<group>"; };
		D8E1343C1C74A2AB00B9D813 /* _User.h */ = {isa = PBXFileReference; fileEncoding = 4; lastKnownFileType = sourcecode.c.h; path = _User.h; sourceTree = "<group>"; };
		D8E1343D1C74A2AB00B9D813 /* _User.m */ = {isa = PBXFileReference; fileEncoding = 4; lastKnownFileType = sourcecode.c.objc; path = _User.m; sourceTree = "<group>"; };
		D8E1343E1C74A2AB00B9D813 /* _UserSettings.h */ = {isa = PBXFileReference; fileEncoding = 4; lastKnownFileType = sourcecode.c.h; path = _UserSettings.h; sourceTree = "<group>"; };
		D8E1343F1C74A2AB00B9D813 /* _UserSettings.m */ = {isa = PBXFileReference; fileEncoding = 4; lastKnownFileType = sourcecode.c.objc; path = _UserSettings.m; sourceTree = "<group>"; };
		D8E134401C74A2AB00B9D813 /* User.h */ = {isa = PBXFileReference; fileEncoding = 4; lastKnownFileType = sourcecode.c.h; path = User.h; sourceTree = "<group>"; };
		D8E134411C74A2AB00B9D813 /* User.m */ = {isa = PBXFileReference; fileEncoding = 4; lastKnownFileType = sourcecode.c.objc; path = User.m; sourceTree = "<group>"; };
		D8E134421C74A2AB00B9D813 /* UserSettings.h */ = {isa = PBXFileReference; fileEncoding = 4; lastKnownFileType = sourcecode.c.h; path = UserSettings.h; sourceTree = "<group>"; };
		D8E134431C74A2AB00B9D813 /* UserSettings.m */ = {isa = PBXFileReference; fileEncoding = 4; lastKnownFileType = sourcecode.c.objc; path = UserSettings.m; sourceTree = "<group>"; };
		D8E134481C74A30A00B9D813 /* DatabaseEntities.h */ = {isa = PBXFileReference; lastKnownFileType = sourcecode.c.h; path = DatabaseEntities.h; sourceTree = "<group>"; };
		D8E134491C74BC5E00B9D813 /* Social.framework */ = {isa = PBXFileReference; lastKnownFileType = wrapper.framework; name = Social.framework; path = System/Library/Frameworks/Social.framework; sourceTree = SDKROOT; };
		D8EDC9881C75B89900F5F524 /* SignInViewController.h */ = {isa = PBXFileReference; fileEncoding = 4; lastKnownFileType = sourcecode.c.h; path = SignInViewController.h; sourceTree = "<group>"; };
		D8EDC9891C75B89900F5F524 /* SignInViewController.m */ = {isa = PBXFileReference; fileEncoding = 4; lastKnownFileType = sourcecode.c.objc; path = SignInViewController.m; sourceTree = "<group>"; };
		D8EDC98C1C75B9FE00F5F524 /* CustomNavigationBar.h */ = {isa = PBXFileReference; fileEncoding = 4; lastKnownFileType = sourcecode.c.h; path = CustomNavigationBar.h; sourceTree = "<group>"; };
		D8EDC98D1C75B9FE00F5F524 /* CustomNavigationBar.m */ = {isa = PBXFileReference; fileEncoding = 4; lastKnownFileType = sourcecode.c.objc; path = CustomNavigationBar.m; sourceTree = "<group>"; };
		D8EDC9941C75D59600F5F524 /* SignUpViewController.h */ = {isa = PBXFileReference; fileEncoding = 4; lastKnownFileType = sourcecode.c.h; path = SignUpViewController.h; sourceTree = "<group>"; };
		D8EDC9951C75D59600F5F524 /* SignUpViewController.m */ = {isa = PBXFileReference; fileEncoding = 4; lastKnownFileType = sourcecode.c.objc; path = SignUpViewController.m; sourceTree = "<group>"; };
		D8EDC9971C75D66400F5F524 /* DashboardViewController.h */ = {isa = PBXFileReference; fileEncoding = 4; lastKnownFileType = sourcecode.c.h; path = DashboardViewController.h; sourceTree = "<group>"; };
		D8EDC9981C75D66400F5F524 /* DashboardViewController.m */ = {isa = PBXFileReference; fileEncoding = 4; lastKnownFileType = sourcecode.c.objc; path = DashboardViewController.m; sourceTree = "<group>"; };
		D8EDC99B1C75F28600F5F524 /* btn_sign_up_active_320@2x.png */ = {isa = PBXFileReference; lastKnownFileType = image.png; path = "btn_sign_up_active_320@2x.png"; sourceTree = "<group>"; };
		D8EDC99C1C75F28600F5F524 /* btn_sign_up_normal_320@2x.png */ = {isa = PBXFileReference; lastKnownFileType = image.png; path = "btn_sign_up_normal_320@2x.png"; sourceTree = "<group>"; };
		D8EDC9A11C75F2B400F5F524 /* btn_sign_up_active_375@2x.png */ = {isa = PBXFileReference; lastKnownFileType = image.png; path = "btn_sign_up_active_375@2x.png"; sourceTree = "<group>"; };
		D8EDC9A21C75F2B400F5F524 /* btn_sign_up_normal_375@2x.png */ = {isa = PBXFileReference; lastKnownFileType = image.png; path = "btn_sign_up_normal_375@2x.png"; sourceTree = "<group>"; };
		D8EDC9AD1C7619D800F5F524 /* LoginRegViewController.h */ = {isa = PBXFileReference; fileEncoding = 4; lastKnownFileType = sourcecode.c.h; path = LoginRegViewController.h; sourceTree = "<group>"; };
		D8EDC9AE1C7619D800F5F524 /* LoginRegViewController.m */ = {isa = PBXFileReference; fileEncoding = 4; lastKnownFileType = sourcecode.c.objc; path = LoginRegViewController.m; sourceTree = "<group>"; };
		D8EDC9B01C7619E900F5F524 /* UserInfoRegViewController.h */ = {isa = PBXFileReference; fileEncoding = 4; lastKnownFileType = sourcecode.c.h; path = UserInfoRegViewController.h; sourceTree = "<group>"; };
		D8EDC9B11C7619E900F5F524 /* UserInfoRegViewController.m */ = {isa = PBXFileReference; fileEncoding = 4; lastKnownFileType = sourcecode.c.objc; path = UserInfoRegViewController.m; sourceTree = "<group>"; };
		D8EDC9B31C7619FC00F5F524 /* BluetoothConnectViewController.h */ = {isa = PBXFileReference; fileEncoding = 4; lastKnownFileType = sourcecode.c.h; path = BluetoothConnectViewController.h; sourceTree = "<group>"; };
		D8EDC9B41C7619FC00F5F524 /* BluetoothConnectViewController.m */ = {isa = PBXFileReference; fileEncoding = 4; lastKnownFileType = sourcecode.c.objc; path = BluetoothConnectViewController.m; sourceTree = "<group>"; };
		D8EF71311C7B08D20006FDEF /* LeftMenuViewController.h */ = {isa = PBXFileReference; fileEncoding = 4; lastKnownFileType = sourcecode.c.h; path = LeftMenuViewController.h; sourceTree = "<group>"; };
		D8EF71321C7B08D20006FDEF /* LeftMenuViewController.m */ = {isa = PBXFileReference; fileEncoding = 4; lastKnownFileType = sourcecode.c.objc; path = LeftMenuViewController.m; sourceTree = "<group>"; };
		D8EF71341C7B08DE0006FDEF /* SlideNavigationController.h */ = {isa = PBXFileReference; fileEncoding = 4; lastKnownFileType = sourcecode.c.h; path = SlideNavigationController.h; sourceTree = "<group>"; };
		D8EF71351C7B08DE0006FDEF /* SlideNavigationController.m */ = {isa = PBXFileReference; fileEncoding = 4; lastKnownFileType = sourcecode.c.objc; path = SlideNavigationController.m; sourceTree = "<group>"; };
		D8EF71371C7B08EA0006FDEF /* SlideNavigationContorllerAnimator.h */ = {isa = PBXFileReference; fileEncoding = 4; lastKnownFileType = sourcecode.c.h; path = SlideNavigationContorllerAnimator.h; sourceTree = "<group>"; };
		D8EF71381C7B08EA0006FDEF /* SlideNavigationContorllerAnimatorFade.h */ = {isa = PBXFileReference; fileEncoding = 4; lastKnownFileType = sourcecode.c.h; path = SlideNavigationContorllerAnimatorFade.h; sourceTree = "<group>"; };
		D8EF71391C7B08EA0006FDEF /* SlideNavigationContorllerAnimatorScale.h */ = {isa = PBXFileReference; fileEncoding = 4; lastKnownFileType = sourcecode.c.h; path = SlideNavigationContorllerAnimatorScale.h; sourceTree = "<group>"; };
		D8EF713A1C7B08EA0006FDEF /* SlideNavigationContorllerAnimatorScaleAndFade.h */ = {isa = PBXFileReference; fileEncoding = 4; lastKnownFileType = sourcecode.c.h; path = SlideNavigationContorllerAnimatorScaleAndFade.h; sourceTree = "<group>"; };
		D8EF713B1C7B08EA0006FDEF /* SlideNavigationContorllerAnimatorSlide.h */ = {isa = PBXFileReference; fileEncoding = 4; lastKnownFileType = sourcecode.c.h; path = SlideNavigationContorllerAnimatorSlide.h; sourceTree = "<group>"; };
		D8EF713C1C7B08EA0006FDEF /* SlideNavigationContorllerAnimatorSlideAndFade.h */ = {isa = PBXFileReference; fileEncoding = 4; lastKnownFileType = sourcecode.c.h; path = SlideNavigationContorllerAnimatorSlideAndFade.h; sourceTree = "<group>"; };
		D8EF713D1C7B08EA0006FDEF /* SlideNavigationContorllerAnimatorFade.m */ = {isa = PBXFileReference; fileEncoding = 4; lastKnownFileType = sourcecode.c.objc; path = SlideNavigationContorllerAnimatorFade.m; sourceTree = "<group>"; };
		D8EF713E1C7B08EA0006FDEF /* SlideNavigationContorllerAnimatorScale.m */ = {isa = PBXFileReference; fileEncoding = 4; lastKnownFileType = sourcecode.c.objc; path = SlideNavigationContorllerAnimatorScale.m; sourceTree = "<group>"; };
		D8EF713F1C7B08EA0006FDEF /* SlideNavigationContorllerAnimatorScaleAndFade.m */ = {isa = PBXFileReference; fileEncoding = 4; lastKnownFileType = sourcecode.c.objc; path = SlideNavigationContorllerAnimatorScaleAndFade.m; sourceTree = "<group>"; };
		D8EF71401C7B08EA0006FDEF /* SlideNavigationContorllerAnimatorSlide.m */ = {isa = PBXFileReference; fileEncoding = 4; lastKnownFileType = sourcecode.c.objc; path = SlideNavigationContorllerAnimatorSlide.m; sourceTree = "<group>"; };
		D8EF71411C7B08EA0006FDEF /* SlideNavigationContorllerAnimatorSlideAndFade.m */ = {isa = PBXFileReference; fileEncoding = 4; lastKnownFileType = sourcecode.c.objc; path = SlideNavigationContorllerAnimatorSlideAndFade.m; sourceTree = "<group>"; };
		D8EF71481C7B158F0006FDEF /* SlideMenuTableCell.h */ = {isa = PBXFileReference; fileEncoding = 4; lastKnownFileType = sourcecode.c.h; path = SlideMenuTableCell.h; sourceTree = "<group>"; };
		D8EF71491C7B158F0006FDEF /* SlideMenuTableCell.m */ = {isa = PBXFileReference; fileEncoding = 4; lastKnownFileType = sourcecode.c.objc; path = SlideMenuTableCell.m; sourceTree = "<group>"; };
		D8EF71561C7B66680006FDEF /* Thin_ice_background_320@2x.png */ = {isa = PBXFileReference; lastKnownFileType = image.png; path = "Thin_ice_background_320@2x.png"; sourceTree = "<group>"; };
		D8EF71581C7B6D180006FDEF /* thin_ice_dashboard_background_320@2x.png */ = {isa = PBXFileReference; lastKnownFileType = image.png; path = "thin_ice_dashboard_background_320@2x.png"; sourceTree = "<group>"; };
/* End PBXFileReference section */

/* Begin PBXFrameworksBuildPhase section */
		D8867E491C732D02005F7B6D /* Frameworks */ = {
			isa = PBXFrameworksBuildPhase;
			buildActionMask = 2147483647;
			files = (
				D8CABABF1C86E56F007EEBC7 /* QuartzCore.framework in Frameworks */,
				D8E1344A1C74BC5E00B9D813 /* Social.framework in Frameworks */,
				D8E133D21C7462FD00B9D813 /* SystemConfiguration.framework in Frameworks */,
				D8867E8A1C736C0A005F7B6D /* FBSDKCoreKit.framework in Frameworks */,
				D8867E6C1C732D27005F7B6D /* CoreGraphics.framework in Frameworks */,
				D8867E8C1C736C11005F7B6D /* FBSDKShareKit.framework in Frameworks */,
				D8867E6A1C732D1E005F7B6D /* CoreBluetooth.framework in Frameworks */,
				D8867E881C736BF7005F7B6D /* FBSDKLoginKit.framework in Frameworks */,
				DE9071CAB00EE51D46F86B50 /* libPods-ThinIce.a in Frameworks */,
			);
			runOnlyForDeploymentPostprocessing = 0;
		};
/* End PBXFrameworksBuildPhase section */

/* Begin PBXGroup section */
		8F49DA89D550528273F21E22 /* Frameworks */ = {
			isa = PBXGroup;
			children = (
				D8CABABE1C86E56F007EEBC7 /* QuartzCore.framework */,
				D8E134491C74BC5E00B9D813 /* Social.framework */,
				D8E133D31C7477AC00B9D813 /* FHSTwitterEngine */,
				D8E133D11C7462FD00B9D813 /* SystemConfiguration.framework */,
				D8867E8B1C736C11005F7B6D /* FBSDKShareKit.framework */,
				D8867E891C736C0A005F7B6D /* FBSDKCoreKit.framework */,
				D8867E871C736BF7005F7B6D /* FBSDKLoginKit.framework */,
				D8867E6B1C732D27005F7B6D /* CoreGraphics.framework */,
				D8867E691C732D1E005F7B6D /* CoreBluetooth.framework */,
				33C806EB0926C366CC18D7AA /* libPods-ThinIce.a */,
			);
			name = Frameworks;
			sourceTree = "<group>";
		};
		CFF01AE63988CF051034CFD8 /* Pods */ = {
			isa = PBXGroup;
			children = (
				ABE9A0F52AEF2A99A42AE250 /* Pods-ThinIce.debug.xcconfig */,
				B8F8B1830A2539DF36354C98 /* Pods-ThinIce.release.xcconfig */,
			);
			name = Pods;
			sourceTree = "<group>";
		};
		D8867E431C732D02005F7B6D = {
			isa = PBXGroup;
			children = (
				D8867E4E1C732D02005F7B6D /* ThinIce */,
				D8867E4D1C732D02005F7B6D /* Products */,
				CFF01AE63988CF051034CFD8 /* Pods */,
				8F49DA89D550528273F21E22 /* Frameworks */,
			);
			sourceTree = "<group>";
		};
		D8867E4D1C732D02005F7B6D /* Products */ = {
			isa = PBXGroup;
			children = (
				D8867E4C1C732D02005F7B6D /* ThinIce.app */,
			);
			name = Products;
			sourceTree = "<group>";
		};
		D8867E4E1C732D02005F7B6D /* ThinIce */ = {
			isa = PBXGroup;
			children = (
				D8867E711C73564E005F7B6D /* Resource */,
				D8867E941C7379BC005F7B6D /* Categories */,
				D8867E7C1C735C87005F7B6D /* CustomView+UI */,
				D8E133DA1C747FFD00B9D813 /* DataBase */,
				D8867E811C735DBE005F7B6D /* Logic */,
				D8867E781C735702005F7B6D /* BaseViewController */,
				D8867E861C73688C005F7B6D /* StoryBoards */,
				D8867E851C73687E005F7B6D /* ViewControllers */,
				D8867E4F1C732D02005F7B6D /* Supporting Files */,
			);
			path = ThinIce;
			sourceTree = "<group>";
		};
		D8867E4F1C732D02005F7B6D /* Supporting Files */ = {
			isa = PBXGroup;
			children = (
				D8867E521C732D02005F7B6D /* AppDelegate.h */,
				D8867E531C732D02005F7B6D /* AppDelegate.m */,
				D8867E5E1C732D02005F7B6D /* Assets.xcassets */,
				D8867E601C732D02005F7B6D /* LaunchScreen.storyboard */,
				D8867E631C732D02005F7B6D /* Info.plist */,
				D8867E501C732D02005F7B6D /* main.m */,
				D8867E6D1C732D48005F7B6D /* Header.h */,
				D8867E6E1C732D55005F7B6D /* PrefixHeader.pch */,
			);
			name = "Supporting Files";
			sourceTree = "<group>";
		};
		D8867E711C73564E005F7B6D /* Resource */ = {
			isa = PBXGroup;
			children = (
				D8E1344B1C74C48B00B9D813 /* IP5 */,
				D8E1344C1C74C49B00B9D813 /* IP6 */,
				D8E1344D1C74C4A100B9D813 /* IP6Plus */,
			);
			name = Resource;
			sourceTree = "<group>";
		};
		D8867E781C735702005F7B6D /* BaseViewController */ = {
			isa = PBXGroup;
			children = (
				D8867E791C735724005F7B6D /* BaseViewController.h */,
				D8867E7A1C735724005F7B6D /* BaseViewController.m */,
				ACA316841C7EFB10007FD570 /* BaseSignUpViewController.h */,
				ACA316851C7EFB10007FD570 /* BaseSignUpViewController.m */,
			);
			name = BaseViewController;
			sourceTree = "<group>";
		};
		D8867E7C1C735C87005F7B6D /* CustomView+UI */ = {
			isa = PBXGroup;
			children = (
				D8B2B2AC1C858BD00089E6B9 /* CellsForTableView */,
				D8EF712E1C7B08A40006FDEF /* LeftSideMenu */,
				D8EDC98B1C75B9E900F5F524 /* navigationBar */,
			);
			name = "CustomView+UI";
			sourceTree = "<group>";
		};
		D8867E811C735DBE005F7B6D /* Logic */ = {
			isa = PBXGroup;
			children = (
				D8867E821C736715005F7B6D /* HelperManager.h */,
				D8867E831C736715005F7B6D /* HelperManager.m */,
				D8867E911C737595005F7B6D /* ServerManager.h */,
				D8867E921C737595005F7B6D /* ServerManager.m */,
			);
			name = Logic;
			sourceTree = "<group>";
		};
		D8867E851C73687E005F7B6D /* ViewControllers */ = {
			isa = PBXGroup;
			children = (
				D8867E551C732D02005F7B6D /* HomeViewController.h */,
				D8867E561C732D02005F7B6D /* HomeViewController.m */,
				D8EDC9881C75B89900F5F524 /* SignInViewController.h */,
				D8EDC9891C75B89900F5F524 /* SignInViewController.m */,
				D8EDC9A71C7616AC00F5F524 /* SignUpViewControllerStack */,
				D8CABABA1C86D9E9007EEBC7 /* Dashboard */,
			);
			name = ViewControllers;
			sourceTree = "<group>";
		};
		D8867E861C73688C005F7B6D /* StoryBoards */ = {
			isa = PBXGroup;
			children = (
				D8867E581C732D02005F7B6D /* Main.storyboard */,
			);
			name = StoryBoards;
			sourceTree = "<group>";
		};
		D8867E941C7379BC005F7B6D /* Categories */ = {
			isa = PBXGroup;
			children = (
				D8867E9B1C7379E8005F7B6D /* NSDictionary+Extended.h */,
				D8867E951C7379CD005F7B6D /* NSDictionary+Extended.m */,
				D8867E9C1C7379E8005F7B6D /* NSObject+Runtime.h */,
				D8867E961C7379CD005F7B6D /* NSObject+Runtime.m */,
			);
			name = Categories;
			sourceTree = "<group>";
		};
		D8B2B2AC1C858BD00089E6B9 /* CellsForTableView */ = {
			isa = PBXGroup;
			children = (
				D8B2B2AD1C858BDB0089E6B9 /* Dashboard_Cell */,
			);
			name = CellsForTableView;
			sourceTree = "<group>";
		};
		D8B2B2AD1C858BDB0089E6B9 /* Dashboard_Cell */ = {
			isa = PBXGroup;
			children = (
				D8B2B2AE1C858C100089E6B9 /* DashboardDaysCardTableViewCell.h */,
				D8B2B2AF1C858C100089E6B9 /* DashboardDaysCardTableViewCell.m */,
			);
			name = Dashboard_Cell;
			sourceTree = "<group>";
		};
		D8CABABA1C86D9E9007EEBC7 /* Dashboard */ = {
			isa = PBXGroup;
			children = (
				D8EDC9971C75D66400F5F524 /* DashboardViewController.h */,
				D8EDC9981C75D66400F5F524 /* DashboardViewController.m */,
				D8CABABB1C86DA35007EEBC7 /* DashboardFlipViewController.h */,
				D8CABABC1C86DA35007EEBC7 /* DashboardFlipViewController.m */,
			);
			name = Dashboard;
			sourceTree = "<group>";
		};
		D8E133D31C7477AC00B9D813 /* FHSTwitterEngine */ = {
			isa = PBXGroup;
			children = (
				D8E133D41C7477AC00B9D813 /* FHSStream.h */,
				D8E133D51C7477AC00B9D813 /* FHSStream.m */,
				D8E133D61C7477AC00B9D813 /* FHSTwitterEngine.h */,
				D8E133D71C7477AC00B9D813 /* FHSTwitterEngine.m */,
			);
			path = FHSTwitterEngine;
			sourceTree = "<group>";
		};
		D8E133DA1C747FFD00B9D813 /* DataBase */ = {
			isa = PBXGroup;
			children = (
				D8E134481C74A30A00B9D813 /* DatabaseEntities.h */,
				D8E134021C7498D100B9D813 /* ThinIce.xcdatamodeld */,
				D8E1343C1C74A2AB00B9D813 /* _User.h */,
				D8E1343D1C74A2AB00B9D813 /* _User.m */,
				D8E1343E1C74A2AB00B9D813 /* _UserSettings.h */,
				D8E1343F1C74A2AB00B9D813 /* _UserSettings.m */,
				D8E134401C74A2AB00B9D813 /* User.h */,
				D8E134411C74A2AB00B9D813 /* User.m */,
				D8E134421C74A2AB00B9D813 /* UserSettings.h */,
				D8E134431C74A2AB00B9D813 /* UserSettings.m */,
			);
			name = DataBase;
			sourceTree = "<group>";
		};
		D8E1344B1C74C48B00B9D813 /* IP5 */ = {
			isa = PBXGroup;
			children = (
				D8EF71561C7B66680006FDEF /* Thin_ice_background_320@2x.png */,
				D8EF714D1C7B56050006FDEF /* Dashboard */,
				D8EDC99A1C75F27B00F5F524 /* HomeScreen */,
			);
			name = IP5;
			sourceTree = "<group>";
		};
		D8E1344C1C74C49B00B9D813 /* IP6 */ = {
			isa = PBXGroup;
			children = (
				D8AB987D1C7C489400E7BD0E /* Thin_ice_background_375@2x.png */,
				D8EF714E1C7B561C0006FDEF /* Dashboard */,
				D8EDC99F1C75F28B00F5F524 /* HomeScreen */,
			);
			name = IP6;
			sourceTree = "<group>";
		};
		D8E1344D1C74C4A100B9D813 /* IP6Plus */ = {
			isa = PBXGroup;
			children = (
				D8AB98811C7C4CCD00E7BD0E /* Thin_ice_background_414@3x.png */,
				D8EF714F1C7B56210006FDEF /* Dashboard */,
				D8EDC9A01C75F28F00F5F524 /* HomeScreen */,
			);
			name = IP6Plus;
			sourceTree = "<group>";
		};
		D8EDC98B1C75B9E900F5F524 /* navigationBar */ = {
			isa = PBXGroup;
			children = (
				D8EDC98C1C75B9FE00F5F524 /* CustomNavigationBar.h */,
				D8EDC98D1C75B9FE00F5F524 /* CustomNavigationBar.m */,
			);
			name = navigationBar;
			sourceTree = "<group>";
		};
		D8EDC99A1C75F27B00F5F524 /* HomeScreen */ = {
			isa = PBXGroup;
			children = (
				D8EDC99B1C75F28600F5F524 /* btn_sign_up_active_320@2x.png */,
				D8EDC99C1C75F28600F5F524 /* btn_sign_up_normal_320@2x.png */,
			);
			name = HomeScreen;
			sourceTree = "<group>";
		};
		D8EDC99F1C75F28B00F5F524 /* HomeScreen */ = {
			isa = PBXGroup;
			children = (
				D8EDC9A11C75F2B400F5F524 /* btn_sign_up_active_375@2x.png */,
				D8EDC9A21C75F2B400F5F524 /* btn_sign_up_normal_375@2x.png */,
			);
			name = HomeScreen;
			sourceTree = "<group>";
		};
		D8EDC9A01C75F28F00F5F524 /* HomeScreen */ = {
			isa = PBXGroup;
			children = (
				D8AB98831C7C4E6600E7BD0E /* btn_sign_up_normal_414@3x.png */,
				D8AB98851C7C4EB900E7BD0E /* btn_sign_up_active_414@3x.png */,
			);
			name = HomeScreen;
			sourceTree = "<group>";
		};
		D8EDC9A71C7616AC00F5F524 /* SignUpViewControllerStack */ = {
			isa = PBXGroup;
			children = (
				D8EDC9941C75D59600F5F524 /* SignUpViewController.h */,
				D8EDC9951C75D59600F5F524 /* SignUpViewController.m */,
				D8EDC9AD1C7619D800F5F524 /* LoginRegViewController.h */,
				D8EDC9AE1C7619D800F5F524 /* LoginRegViewController.m */,
				D8EDC9B01C7619E900F5F524 /* UserInfoRegViewController.h */,
				D8EDC9B11C7619E900F5F524 /* UserInfoRegViewController.m */,
				D8EDC9B31C7619FC00F5F524 /* BluetoothConnectViewController.h */,
				D8EDC9B41C7619FC00F5F524 /* BluetoothConnectViewController.m */,
			);
			name = SignUpViewControllerStack;
			sourceTree = "<group>";
		};
		D8EF712E1C7B08A40006FDEF /* LeftSideMenu */ = {
			isa = PBXGroup;
			children = (
				D8EF71471C7B15690006FDEF /* SlideMenuTableCells */,
				D8EF712F1C7B08B10006FDEF /* Source */,
				D8EF71311C7B08D20006FDEF /* LeftMenuViewController.h */,
				D8EF71321C7B08D20006FDEF /* LeftMenuViewController.m */,
			);
			name = LeftSideMenu;
			sourceTree = "<group>";
		};
		D8EF712F1C7B08B10006FDEF /* Source */ = {
			isa = PBXGroup;
			children = (
				D8EF71301C7B08BB0006FDEF /* Animations */,
				D8EF71341C7B08DE0006FDEF /* SlideNavigationController.h */,
				D8EF71351C7B08DE0006FDEF /* SlideNavigationController.m */,
			);
			name = Source;
			sourceTree = "<group>";
		};
		D8EF71301C7B08BB0006FDEF /* Animations */ = {
			isa = PBXGroup;
			children = (
				D8EF71371C7B08EA0006FDEF /* SlideNavigationContorllerAnimator.h */,
				D8EF71381C7B08EA0006FDEF /* SlideNavigationContorllerAnimatorFade.h */,
				D8EF71391C7B08EA0006FDEF /* SlideNavigationContorllerAnimatorScale.h */,
				D8EF713A1C7B08EA0006FDEF /* SlideNavigationContorllerAnimatorScaleAndFade.h */,
				D8EF713B1C7B08EA0006FDEF /* SlideNavigationContorllerAnimatorSlide.h */,
				D8EF713C1C7B08EA0006FDEF /* SlideNavigationContorllerAnimatorSlideAndFade.h */,
				D8EF713D1C7B08EA0006FDEF /* SlideNavigationContorllerAnimatorFade.m */,
				D8EF713E1C7B08EA0006FDEF /* SlideNavigationContorllerAnimatorScale.m */,
				D8EF713F1C7B08EA0006FDEF /* SlideNavigationContorllerAnimatorScaleAndFade.m */,
				D8EF71401C7B08EA0006FDEF /* SlideNavigationContorllerAnimatorSlide.m */,
				D8EF71411C7B08EA0006FDEF /* SlideNavigationContorllerAnimatorSlideAndFade.m */,
			);
			name = Animations;
			sourceTree = "<group>";
		};
		D8EF71471C7B15690006FDEF /* SlideMenuTableCells */ = {
			isa = PBXGroup;
			children = (
				D8EF71481C7B158F0006FDEF /* SlideMenuTableCell.h */,
				D8EF71491C7B158F0006FDEF /* SlideMenuTableCell.m */,
			);
			name = SlideMenuTableCells;
			sourceTree = "<group>";
		};
		D8EF714D1C7B56050006FDEF /* Dashboard */ = {
			isa = PBXGroup;
			children = (
				D8B2B2F91C85EBE40089E6B9 /* icons_thinIceCellLogo_320@2x.png */,
				D8B2B2F31C85C3D70089E6B9 /* icons_H_protein_320@2x.png */,
				D8B2B2E21C85C33E0089E6B9 /* icons_JunkFood_320@2x.png */,
				D8CABAB81C86D4FC007EEBC7 /* insoles_320@2x.png */,
				D8B2B2E31C85C33E0089E6B9 /* icons_waterIntake_320@2x.png */,
				D8B2B2DB1C85C2180089E6B9 /* icons_gymSession_320@2x.png */,
				D8B2B2CF1C85C1000089E6B9 /* icons_burntCalories_320@2x.png */,
				D8B2B2C91C85A4890089E6B9 /* icons_clock_320@2x.png */,
				D8B2B2C71C85A4820089E6B9 /* icons_temperature_320@2x.png */,
				D8B2B2B11C8599770089E6B9 /* icons_dashboardFlip_normal_320@2x.png */,
				D8B2B2B31C8599C90089E6B9 /* icons_dashboardFlip_active_320@2x.png */,
				D88C625F1C8485EF00FDDF0B /* thin_ice_vest_320@2x.png */,
				D8EF71581C7B6D180006FDEF /* thin_ice_dashboard_background_320@2x.png */,
			);
			name = Dashboard;
			sourceTree = "<group>";
		};
		D8EF714E1C7B561C0006FDEF /* Dashboard */ = {
			isa = PBXGroup;
			children = (
				D8B2B2FB1C85EBEA0089E6B9 /* icons_thinIceCellLogo_375@2x.png */,
				D8B2B2F51C85C3DB0089E6B9 /* icons_H_protein_375@2x.png */,
				D8CABAB61C86D4F8007EEBC7 /* insoles_375@2x.png */,
				D8B2B2E81C85C3460089E6B9 /* icons_JunkFood_375@2x.png */,
				D8B2B2E91C85C3460089E6B9 /* icons_waterIntake_375@2x.png */,
				D8B2B2DD1C85C21D0089E6B9 /* icons_gymSession_375@2x.png */,
				D8B2B2D11C85C1060089E6B9 /* icons_burntCalories_375@2x.png */,
				D8B2B2C51C85A47B0089E6B9 /* icons_temperature_375@2x.png */,
				D8B2B2B51C859A150089E6B9 /* icons_dashboardFlip_active_375@2x.png */,
				D8B2B2CB1C85A48F0089E6B9 /* icons_clock_375@2x.png */,
				D8B2B2B61C859A150089E6B9 /* icons_dashboardFlip_normal_375@2x.png */,
				D88C62631C8485F700FDDF0B /* thin_ice_vest_375@2x.png */,
				D8AB987F1C7C493700E7BD0E /* thin_ice_dashboard_background_375@2x.png */,
			);
			name = Dashboard;
			sourceTree = "<group>";
		};
		D8EF714F1C7B56210006FDEF /* Dashboard */ = {
			isa = PBXGroup;
			children = (
				D8CABAB41C86D4E6007EEBC7 /* insoles_414@3x.png */,
				D8B2B2FD1C85EBF00089E6B9 /* icons_thinIceCellLogo_414@3x.png */,
				D8B2B2F71C85C4120089E6B9 /* icons_H_protein_414@3x.png */,
				D8B2B2EE1C85C34E0089E6B9 /* icons_JunkFood_414@3x.png */,
				D8B2B2EF1C85C34E0089E6B9 /* icons_waterIntake_414@3x.png */,
				D8B2B2DF1C85C2230089E6B9 /* icons_gymSession_414@3x.png */,
				D8B2B2D31C85C10B0089E6B9 /* icons_burntCalories_414@3x.png */,
				D8B2B2C31C85A4750089E6B9 /* icons_temperature_414@3x.png */,
				D8B2B2CD1C85A4950089E6B9 /* icons_clock_414@3x.png */,
				D8B2B2B91C859A790089E6B9 /* icons_dashboardFlip_active_414@3x.png */,
				D8B2B2BA1C859A790089E6B9 /* icons_dashboardFlip_normal_414@3x.png */,
				D88C62671C84860100FDDF0B /* thin_ice_vest_414@3x.png */,
				D8B2B2AA1C85850A0089E6B9 /* thin_ice_dashboard_background_414@3x.png */,
			);
			name = Dashboard;
			sourceTree = "<group>";
		};
/* End PBXGroup section */

/* Begin PBXNativeTarget section */
		D8867E4B1C732D02005F7B6D /* ThinIce */ = {
			isa = PBXNativeTarget;
			buildConfigurationList = D8867E661C732D02005F7B6D /* Build configuration list for PBXNativeTarget "ThinIce" */;
			buildPhases = (
				DC4ABFDAF9A2DCE4781CC7DD /* Check Pods Manifest.lock */,
				D8867E481C732D02005F7B6D /* Sources */,
				D8867E491C732D02005F7B6D /* Frameworks */,
				D8867E4A1C732D02005F7B6D /* Resources */,
				F5A491D53C3839C4D103EB82 /* Embed Pods Frameworks */,
				06272AC0F14A0265DCD17F84 /* Copy Pods Resources */,
			);
			buildRules = (
			);
			dependencies = (
			);
			name = ThinIce;
			productName = ThinIce;
			productReference = D8867E4C1C732D02005F7B6D /* ThinIce.app */;
			productType = "com.apple.product-type.application";
		};
/* End PBXNativeTarget section */

/* Begin PBXProject section */
		D8867E441C732D02005F7B6D /* Project object */ = {
			isa = PBXProject;
			attributes = {
				LastUpgradeCheck = 0720;
				ORGANIZATIONNAME = udtech.co;
				TargetAttributes = {
					D8867E4B1C732D02005F7B6D = {
						CreatedOnToolsVersion = 7.2.1;
						DevelopmentTeam = H96HCT9TFK;
					};
				};
			};
			buildConfigurationList = D8867E471C732D02005F7B6D /* Build configuration list for PBXProject "ThinIce" */;
			compatibilityVersion = "Xcode 3.2";
			developmentRegion = English;
			hasScannedForEncodings = 0;
			knownRegions = (
				en,
				Base,
			);
			mainGroup = D8867E431C732D02005F7B6D;
			productRefGroup = D8867E4D1C732D02005F7B6D /* Products */;
			projectDirPath = "";
			projectRoot = "";
			targets = (
				D8867E4B1C732D02005F7B6D /* ThinIce */,
			);
		};
/* End PBXProject section */

/* Begin PBXResourcesBuildPhase section */
		D8867E4A1C732D02005F7B6D /* Resources */ = {
			isa = PBXResourcesBuildPhase;
			buildActionMask = 2147483647;
			files = (
				D8B2B2CA1C85A4890089E6B9 /* icons_clock_320@2x.png in Resources */,
				D8B2B2C61C85A47B0089E6B9 /* icons_temperature_375@2x.png in Resources */,
				D8B2B2B21C8599770089E6B9 /* icons_dashboardFlip_normal_320@2x.png in Resources */,
				D8B2B2B81C859A150089E6B9 /* icons_dashboardFlip_normal_375@2x.png in Resources */,
				D8B2B2E61C85C33E0089E6B9 /* icons_waterIntake_320@2x.png in Resources */,
				D88C62691C84860100FDDF0B /* thin_ice_vest_414@3x.png in Resources */,
				D8EF71591C7B6D180006FDEF /* thin_ice_dashboard_background_320@2x.png in Resources */,
				D8B2B2B41C8599C90089E6B9 /* icons_dashboardFlip_active_320@2x.png in Resources */,
				D8CABAB91C86D4FC007EEBC7 /* insoles_320@2x.png in Resources */,
				D8B2B2D41C85C10B0089E6B9 /* icons_burntCalories_414@3x.png in Resources */,
				D8B2B2AB1C85850A0089E6B9 /* thin_ice_dashboard_background_414@3x.png in Resources */,
				D8B2B2FA1C85EBE40089E6B9 /* icons_thinIceCellLogo_320@2x.png in Resources */,
				D8B2B2FC1C85EBEA0089E6B9 /* icons_thinIceCellLogo_375@2x.png in Resources */,
				D88C62611C8485EF00FDDF0B /* thin_ice_vest_320@2x.png in Resources */,
				D8AB98841C7C4E6600E7BD0E /* btn_sign_up_normal_414@3x.png in Resources */,
				D8867E621C732D02005F7B6D /* LaunchScreen.storyboard in Resources */,
				D8B2B2EC1C85C3460089E6B9 /* icons_waterIntake_375@2x.png in Resources */,
				D8B2B2F61C85C3DB0089E6B9 /* icons_H_protein_375@2x.png in Resources */,
				D8B2B2FE1C85EBF00089E6B9 /* icons_thinIceCellLogo_414@3x.png in Resources */,
				D8B2B2EB1C85C3460089E6B9 /* icons_JunkFood_375@2x.png in Resources */,
				D8AB987E1C7C489400E7BD0E /* Thin_ice_background_375@2x.png in Resources */,
				D8EDC9A31C75F2B400F5F524 /* btn_sign_up_active_375@2x.png in Resources */,
				D8CABAB51C86D4E6007EEBC7 /* insoles_414@3x.png in Resources */,
				D8B2B2C81C85A4820089E6B9 /* icons_temperature_320@2x.png in Resources */,
				D8B2B2BC1C859A790089E6B9 /* icons_dashboardFlip_normal_414@3x.png in Resources */,
				D8AB98801C7C493700E7BD0E /* thin_ice_dashboard_background_375@2x.png in Resources */,
				D8AB98821C7C4CCD00E7BD0E /* Thin_ice_background_414@3x.png in Resources */,
				D8B2B2BB1C859A790089E6B9 /* icons_dashboardFlip_active_414@3x.png in Resources */,
				D8EDC9A41C75F2B400F5F524 /* btn_sign_up_normal_375@2x.png in Resources */,
				D8B2B2E51C85C33E0089E6B9 /* icons_JunkFood_320@2x.png in Resources */,
				D8B2B2CE1C85A4950089E6B9 /* icons_clock_414@3x.png in Resources */,
				D8B2B2E01C85C2230089E6B9 /* icons_gymSession_414@3x.png in Resources */,
				D8B2B2F21C85C34E0089E6B9 /* icons_waterIntake_414@3x.png in Resources */,
				D8B2B2F81C85C4120089E6B9 /* icons_H_protein_414@3x.png in Resources */,
				D88C62651C8485F700FDDF0B /* thin_ice_vest_375@2x.png in Resources */,
				D8B2B2F41C85C3D70089E6B9 /* icons_H_protein_320@2x.png in Resources */,
				D8B2B2CC1C85A48F0089E6B9 /* icons_clock_375@2x.png in Resources */,
				D8B2B2C41C85A4750089E6B9 /* icons_temperature_414@3x.png in Resources */,
				D8EF71571C7B66680006FDEF /* Thin_ice_background_320@2x.png in Resources */,
				D8B2B2B71C859A150089E6B9 /* icons_dashboardFlip_active_375@2x.png in Resources */,
				D8EDC99D1C75F28600F5F524 /* btn_sign_up_active_320@2x.png in Resources */,
				D8B2B2F11C85C34E0089E6B9 /* icons_JunkFood_414@3x.png in Resources */,
				D8B2B2DC1C85C2180089E6B9 /* icons_gymSession_320@2x.png in Resources */,
				D8B2B2D21C85C1060089E6B9 /* icons_burntCalories_375@2x.png in Resources */,
				D8AB98861C7C4EB900E7BD0E /* btn_sign_up_active_414@3x.png in Resources */,
				D8867E5F1C732D02005F7B6D /* Assets.xcassets in Resources */,
				D8B2B2DE1C85C21D0089E6B9 /* icons_gymSession_375@2x.png in Resources */,
				D8CABAB71C86D4F8007EEBC7 /* insoles_375@2x.png in Resources */,
				D8B2B2D01C85C1000089E6B9 /* icons_burntCalories_320@2x.png in Resources */,
				D8EDC99E1C75F28600F5F524 /* btn_sign_up_normal_320@2x.png in Resources */,
				D8867E5A1C732D02005F7B6D /* Main.storyboard in Resources */,
			);
			runOnlyForDeploymentPostprocessing = 0;
		};
/* End PBXResourcesBuildPhase section */

/* Begin PBXShellScriptBuildPhase section */
		06272AC0F14A0265DCD17F84 /* Copy Pods Resources */ = {
			isa = PBXShellScriptBuildPhase;
			buildActionMask = 2147483647;
			files = (
			);
			inputPaths = (
			);
			name = "Copy Pods Resources";
			outputPaths = (
			);
			runOnlyForDeploymentPostprocessing = 0;
			shellPath = /bin/sh;
			shellScript = "\"${SRCROOT}/Pods/Target Support Files/Pods-ThinIce/Pods-ThinIce-resources.sh\"\n";
			showEnvVarsInLog = 0;
		};
		DC4ABFDAF9A2DCE4781CC7DD /* Check Pods Manifest.lock */ = {
			isa = PBXShellScriptBuildPhase;
			buildActionMask = 2147483647;
			files = (
			);
			inputPaths = (
			);
			name = "Check Pods Manifest.lock";
			outputPaths = (
			);
			runOnlyForDeploymentPostprocessing = 0;
			shellPath = /bin/sh;
			shellScript = "diff \"${PODS_ROOT}/../Podfile.lock\" \"${PODS_ROOT}/Manifest.lock\" > /dev/null\nif [[ $? != 0 ]] ; then\n    cat << EOM\nerror: The sandbox is not in sync with the Podfile.lock. Run 'pod install' or update your CocoaPods installation.\nEOM\n    exit 1\nfi\n";
			showEnvVarsInLog = 0;
		};
		F5A491D53C3839C4D103EB82 /* Embed Pods Frameworks */ = {
			isa = PBXShellScriptBuildPhase;
			buildActionMask = 2147483647;
			files = (
			);
			inputPaths = (
			);
			name = "Embed Pods Frameworks";
			outputPaths = (
			);
			runOnlyForDeploymentPostprocessing = 0;
			shellPath = /bin/sh;
			shellScript = "\"${SRCROOT}/Pods/Target Support Files/Pods-ThinIce/Pods-ThinIce-frameworks.sh\"\n";
			showEnvVarsInLog = 0;
		};
/* End PBXShellScriptBuildPhase section */

/* Begin PBXSourcesBuildPhase section */
		D8867E481C732D02005F7B6D /* Sources */ = {
			isa = PBXSourcesBuildPhase;
			buildActionMask = 2147483647;
			files = (
				D8E134441C74A2AB00B9D813 /* _User.m in Sources */,
				D8EF714A1C7B158F0006FDEF /* SlideMenuTableCell.m in Sources */,
				D8B2B2B01C858C100089E6B9 /* DashboardDaysCardTableViewCell.m in Sources */,
				D8867E7B1C735724005F7B6D /* BaseViewController.m in Sources */,
				D8EDC9991C75D66400F5F524 /* DashboardViewController.m in Sources */,
				D8CABABD1C86DA35007EEBC7 /* DashboardFlipViewController.m in Sources */,
				D8EF71361C7B08DE0006FDEF /* SlideNavigationController.m in Sources */,
				D8E134451C74A2AB00B9D813 /* _UserSettings.m in Sources */,
				D8867E991C7379CD005F7B6D /* NSObject+Runtime.m in Sources */,
				D8867E571C732D02005F7B6D /* HomeViewController.m in Sources */,
				D8EDC9B51C7619FC00F5F524 /* BluetoothConnectViewController.m in Sources */,
				D8E133D91C7477AC00B9D813 /* FHSTwitterEngine.m in Sources */,
				D8E134471C74A2AB00B9D813 /* UserSettings.m in Sources */,
				D8EF71441C7B08EA0006FDEF /* SlideNavigationContorllerAnimatorScaleAndFade.m in Sources */,
				D8867E841C736715005F7B6D /* HelperManager.m in Sources */,
				D8EDC9961C75D59600F5F524 /* SignUpViewController.m in Sources */,
				D8EDC98A1C75B89900F5F524 /* SignInViewController.m in Sources */,
				D8867E931C737595005F7B6D /* ServerManager.m in Sources */,
				D8E134461C74A2AB00B9D813 /* User.m in Sources */,
				D8867E981C7379CD005F7B6D /* NSDictionary+Extended.m in Sources */,
				D8E134041C7498D100B9D813 /* ThinIce.xcdatamodeld in Sources */,
				D8E133D81C7477AC00B9D813 /* FHSStream.m in Sources */,
				D8EDC9AF1C7619D800F5F524 /* LoginRegViewController.m in Sources */,
				D8EF71451C7B08EA0006FDEF /* SlideNavigationContorllerAnimatorSlide.m in Sources */,
				D8EF71461C7B08EA0006FDEF /* SlideNavigationContorllerAnimatorSlideAndFade.m in Sources */,
				D8867E541C732D02005F7B6D /* AppDelegate.m in Sources */,
				D8EDC98E1C75B9FE00F5F524 /* CustomNavigationBar.m in Sources */,
				D8EDC9B21C7619E900F5F524 /* UserInfoRegViewController.m in Sources */,
				D8867E511C732D02005F7B6D /* main.m in Sources */,
				D8EF71331C7B08D20006FDEF /* LeftMenuViewController.m in Sources */,
				D8EF71421C7B08EA0006FDEF /* SlideNavigationContorllerAnimatorFade.m in Sources */,
				D8EF71431C7B08EA0006FDEF /* SlideNavigationContorllerAnimatorScale.m in Sources */,
				ACA316861C7EFB10007FD570 /* BaseSignUpViewController.m in Sources */,
			);
			runOnlyForDeploymentPostprocessing = 0;
		};
/* End PBXSourcesBuildPhase section */

/* Begin PBXVariantGroup section */
		D8867E581C732D02005F7B6D /* Main.storyboard */ = {
			isa = PBXVariantGroup;
			children = (
				D8867E591C732D02005F7B6D /* Base */,
			);
			name = Main.storyboard;
			sourceTree = "<group>";
		};
		D8867E601C732D02005F7B6D /* LaunchScreen.storyboard */ = {
			isa = PBXVariantGroup;
			children = (
				D8867E611C732D02005F7B6D /* Base */,
			);
			name = LaunchScreen.storyboard;
			sourceTree = "<group>";
		};
/* End PBXVariantGroup section */

/* Begin XCBuildConfiguration section */
		D8867E641C732D02005F7B6D /* Debug */ = {
			isa = XCBuildConfiguration;
			baseConfigurationReference = ABE9A0F52AEF2A99A42AE250 /* Pods-ThinIce.debug.xcconfig */;
			buildSettings = {
				ALWAYS_SEARCH_USER_PATHS = NO;
				CLANG_CXX_LANGUAGE_STANDARD = "gnu++0x";
				CLANG_CXX_LIBRARY = "libc++";
				CLANG_ENABLE_MODULES = YES;
				CLANG_ENABLE_OBJC_ARC = YES;
				CLANG_WARN_BOOL_CONVERSION = YES;
				CLANG_WARN_CONSTANT_CONVERSION = YES;
				CLANG_WARN_DIRECT_OBJC_ISA_USAGE = YES_ERROR;
				CLANG_WARN_EMPTY_BODY = YES;
				CLANG_WARN_ENUM_CONVERSION = YES;
				CLANG_WARN_INT_CONVERSION = YES;
				CLANG_WARN_OBJC_ROOT_CLASS = YES_ERROR;
				CLANG_WARN_UNREACHABLE_CODE = YES;
				CLANG_WARN__DUPLICATE_METHOD_MATCH = YES;
				"CODE_SIGN_IDENTITY[sdk=iphoneos*]" = "iPhone Developer";
				COPY_PHASE_STRIP = NO;
				DEBUG_INFORMATION_FORMAT = dwarf;
				ENABLE_STRICT_OBJC_MSGSEND = YES;
				ENABLE_TESTABILITY = YES;
				FRAMEWORK_SEARCH_PATHS = "$(inherited)";
				GCC_C_LANGUAGE_STANDARD = gnu99;
				GCC_DYNAMIC_NO_PIC = NO;
				GCC_NO_COMMON_BLOCKS = YES;
				GCC_OPTIMIZATION_LEVEL = 0;
				GCC_PREPROCESSOR_DEFINITIONS = (
					"DEBUG=1",
					"$(inherited)",
				);
				GCC_WARN_64_TO_32_BIT_CONVERSION = YES;
				GCC_WARN_ABOUT_RETURN_TYPE = YES_ERROR;
				GCC_WARN_UNDECLARED_SELECTOR = YES;
				GCC_WARN_UNINITIALIZED_AUTOS = YES_AGGRESSIVE;
				GCC_WARN_UNUSED_FUNCTION = YES;
				GCC_WARN_UNUSED_VARIABLE = YES;
				IPHONEOS_DEPLOYMENT_TARGET = 8.4;
				MTL_ENABLE_DEBUG_INFO = YES;
				ONLY_ACTIVE_ARCH = YES;
				SDKROOT = iphoneos;
			};
			name = Debug;
		};
		D8867E651C732D02005F7B6D /* Release */ = {
			isa = XCBuildConfiguration;
			baseConfigurationReference = B8F8B1830A2539DF36354C98 /* Pods-ThinIce.release.xcconfig */;
			buildSettings = {
				ALWAYS_SEARCH_USER_PATHS = NO;
				CLANG_CXX_LANGUAGE_STANDARD = "gnu++0x";
				CLANG_CXX_LIBRARY = "libc++";
				CLANG_ENABLE_MODULES = YES;
				CLANG_ENABLE_OBJC_ARC = YES;
				CLANG_WARN_BOOL_CONVERSION = YES;
				CLANG_WARN_CONSTANT_CONVERSION = YES;
				CLANG_WARN_DIRECT_OBJC_ISA_USAGE = YES_ERROR;
				CLANG_WARN_EMPTY_BODY = YES;
				CLANG_WARN_ENUM_CONVERSION = YES;
				CLANG_WARN_INT_CONVERSION = YES;
				CLANG_WARN_OBJC_ROOT_CLASS = YES_ERROR;
				CLANG_WARN_UNREACHABLE_CODE = YES;
				CLANG_WARN__DUPLICATE_METHOD_MATCH = YES;
				"CODE_SIGN_IDENTITY[sdk=iphoneos*]" = "iPhone Developer";
				COPY_PHASE_STRIP = NO;
				DEBUG_INFORMATION_FORMAT = "dwarf-with-dsym";
				ENABLE_NS_ASSERTIONS = NO;
				ENABLE_STRICT_OBJC_MSGSEND = YES;
				FRAMEWORK_SEARCH_PATHS = "$(inherited)";
				GCC_C_LANGUAGE_STANDARD = gnu99;
				GCC_NO_COMMON_BLOCKS = YES;
				GCC_WARN_64_TO_32_BIT_CONVERSION = YES;
				GCC_WARN_ABOUT_RETURN_TYPE = YES_ERROR;
				GCC_WARN_UNDECLARED_SELECTOR = YES;
				GCC_WARN_UNINITIALIZED_AUTOS = YES_AGGRESSIVE;
				GCC_WARN_UNUSED_FUNCTION = YES;
				GCC_WARN_UNUSED_VARIABLE = YES;
				IPHONEOS_DEPLOYMENT_TARGET = 8.4;
				MTL_ENABLE_DEBUG_INFO = NO;
				SDKROOT = iphoneos;
				VALIDATE_PRODUCT = YES;
			};
			name = Release;
		};
		D8867E671C732D02005F7B6D /* Debug */ = {
			isa = XCBuildConfiguration;
			baseConfigurationReference = ABE9A0F52AEF2A99A42AE250 /* Pods-ThinIce.debug.xcconfig */;
			buildSettings = {
				ASSETCATALOG_COMPILER_APPICON_NAME = AppIcon;
				CODE_SIGN_IDENTITY = "iPhone Developer";
				FRAMEWORK_SEARCH_PATHS = (
					"$(inherited)",
					"$(PROJECT_DIR)",
				);
				GCC_PREFIX_HEADER = ThinIce/PrefixHeader.pch;
				HEADER_SEARCH_PATHS = "$(inherited)";
				INFOPLIST_FILE = ThinIce/Info.plist;
				IPHONEOS_DEPLOYMENT_TARGET = 8.4;
				LD_RUNPATH_SEARCH_PATHS = "$(inherited) @executable_path/Frameworks";
				MOMC_NO_INVERSE_RELATIONSHIP_WARNINGS = NO;
				PRODUCT_BUNDLE_IDENTIFIER = co.udtech.thinice.ThinIce;
				PRODUCT_NAME = "$(TARGET_NAME)";
				USER_HEADER_SEARCH_PATHS = "";
			};
			name = Debug;
		};
		D8867E681C732D02005F7B6D /* Release */ = {
			isa = XCBuildConfiguration;
			baseConfigurationReference = B8F8B1830A2539DF36354C98 /* Pods-ThinIce.release.xcconfig */;
			buildSettings = {
				ASSETCATALOG_COMPILER_APPICON_NAME = AppIcon;
				CODE_SIGN_IDENTITY = "iPhone Developer";
				FRAMEWORK_SEARCH_PATHS = (
					"$(inherited)",
					"$(PROJECT_DIR)",
				);
				GCC_PREFIX_HEADER = ThinIce/PrefixHeader.pch;
				HEADER_SEARCH_PATHS = "$(inherited)";
				INFOPLIST_FILE = ThinIce/Info.plist;
				IPHONEOS_DEPLOYMENT_TARGET = 8.4;
				LD_RUNPATH_SEARCH_PATHS = "$(inherited) @executable_path/Frameworks";
				MOMC_NO_INVERSE_RELATIONSHIP_WARNINGS = NO;
				PRODUCT_BUNDLE_IDENTIFIER = co.udtech.thinice.ThinIce;
				PRODUCT_NAME = "$(TARGET_NAME)";
				USER_HEADER_SEARCH_PATHS = "";
			};
			name = Release;
		};
/* End XCBuildConfiguration section */

/* Begin XCConfigurationList section */
		D8867E471C732D02005F7B6D /* Build configuration list for PBXProject "ThinIce" */ = {
			isa = XCConfigurationList;
			buildConfigurations = (
				D8867E641C732D02005F7B6D /* Debug */,
				D8867E651C732D02005F7B6D /* Release */,
			);
			defaultConfigurationIsVisible = 0;
			defaultConfigurationName = Release;
		};
		D8867E661C732D02005F7B6D /* Build configuration list for PBXNativeTarget "ThinIce" */ = {
			isa = XCConfigurationList;
			buildConfigurations = (
				D8867E671C732D02005F7B6D /* Debug */,
				D8867E681C732D02005F7B6D /* Release */,
			);
			defaultConfigurationIsVisible = 0;
			defaultConfigurationName = Release;
		};
/* End XCConfigurationList section */

/* Begin XCVersionGroup section */
		D8E134021C7498D100B9D813 /* ThinIce.xcdatamodeld */ = {
			isa = XCVersionGroup;
			children = (
				D8E134031C7498D100B9D813 /* ThinIce.xcdatamodel */,
			);
			currentVersion = D8E134031C7498D100B9D813 /* ThinIce.xcdatamodel */;
			path = ThinIce.xcdatamodeld;
			sourceTree = "<group>";
			versionGroupType = wrapper.xcdatamodel;
		};
/* End XCVersionGroup section */
	};
	rootObject = D8867E441C732D02005F7B6D /* Project object */;
}
