PODS:
  - IQKeyboardManager (4.0.0)
  - MagicalRecord (2.3.2):
    - MagicalRecord/Core (= 2.3.2)
  - MagicalRecord/Core (2.3.2)
  - MBProgressHUD (0.9.2)
  - YLProgressBar (3.8.0)

DEPENDENCIES:
  - IQKeyboardManager
  - MagicalRecord
  - MBProgressHUD
  - YLProgressBar

SPEC CHECKSUMS:
  IQKeyboardManager: b91928f7927ba55a5829b4dcf4b7a6736ac9fc22
  MagicalRecord: 53bed74b4323b930992a725be713e53b37d19755
  MBProgressHUD: 1569cf7ace17a8bac47aabfbb8580a49690386d1
  YLProgressBar: b6ec76bea4a1b8d6bdfd2995d828055a7e5f3e9a

COCOAPODS: 0.39.0
